
Microsoft Visual Studio Solution File, Format Version 12.00
# Visual Studio Version 16
VisualStudioVersion = 16.0.29613.14
MinimumVisualStudioVersion = 10.0.40219.1
Project("{FAE04EC0-301F-11D3-BF4B-00C04F79EFBC}") = "NiranTest", "NiranTest\NiranTest.csproj", "{19836E6D-B4E6-4EA3-83BA-FF6DFAF66F6D}"
EndProject
Global
	GlobalSection(SolutionConfigurationPlatforms) = preSolution
		Debug|Any CPU = Debug|Any CPU
		Release|Any CPU = Release|Any CPU
	EndGlobalSection
	GlobalSection(ProjectConfigurationPlatforms) = postSolution
		{19836E6D-B4E6-4EA3-83BA-FF6DFAF66F6D}.Debug|Any CPU.ActiveCfg = Debug|Any CPU
		{19836E6D-B4E6-4EA3-83BA-FF6DFAF66F6D}.Debug|Any CPU.Build.0 = Debug|Any CPU
		{19836E6D-B4E6-4EA3-83BA-FF6DFAF66F6D}.Release|Any CPU.ActiveCfg = Release|Any CPU
		{19836E6D-B4E6-4EA3-83BA-FF6DFAF66F6D}.Release|Any CPU.Build.0 = Release|Any CPU
	EndGlobalSection
	GlobalSection(SolutionProperties) = preSolution
		HideSolutionNode = FALSE
	EndGlobalSection
	GlobalSection(ExtensibilityGlobals) = postSolution
		SolutionGuid = {421EF0F2-8619-4662-A86D-9483E01056E3}
	EndGlobalSection
EndGlobal
